
Microsoft Visual Studio Solution File, Format Version 12.00
# Visual Studio Version 17
VisualStudioVersion = 17.9.34902.65
MinimumVisualStudioVersion = 10.0.40219.1
Project("{FAE04EC0-301F-11D3-BF4B-00C04F79EFBC}") = "Bank_database_system", "Bank_database_system\Bank_database_system.csproj", "{160581D4-A514-480C-A67F-4804714DD268}"
EndProject
Global
	GlobalSection(SolutionConfigurationPlatforms) = preSolution
		Debug|Any CPU = Debug|Any CPU
		Release|Any CPU = Release|Any CPU
	EndGlobalSection
	GlobalSection(ProjectConfigurationPlatforms) = postSolution
		{160581D4-A514-480C-A67F-4804714DD268}.Debug|Any CPU.ActiveCfg = Debug|Any CPU
		{160581D4-A514-480C-A67F-4804714DD268}.Debug|Any CPU.Build.0 = Debug|Any CPU
		{160581D4-A514-480C-A67F-4804714DD268}.Release|Any CPU.ActiveCfg = Release|Any CPU
		{160581D4-A514-480C-A67F-4804714DD268}.Release|Any CPU.Build.0 = Release|Any CPU
	EndGlobalSection
	GlobalSection(SolutionProperties) = preSolution
		HideSolutionNode = FALSE
	EndGlobalSection
	GlobalSection(ExtensibilityGlobals) = postSolution
		SolutionGuid = {354BB03D-42EF-4C54-9823-82BC3671A249}
	EndGlobalSection
EndGlobal
